{
    "_readme": [
        "This file locks the dependencies of your project to a known state",
        "Read more about it at https://getcomposer.org/doc/01-basic-usage.md#installing-dependencies",
        "This file is @generated automatically"
    ],
    "content-hash": "a81ef6f2e7a50a760305cc792e8cdc33",
    "packages": [
        {
            "name": "laminas/laminas-permissions-acl",
            "version": "2.10.0",
            "source": {
                "type": "git",
                "url": "https://github.com/laminas/laminas-permissions-acl.git",
                "reference": "e927ae0a3001655fea97eb240eeea9d10638e82f"
            },
            "dist": {
                "type": "zip",
                "url": "https://api.github.com/repos/laminas/laminas-permissions-acl/zipball/e927ae0a3001655fea97eb240eeea9d10638e82f",
                "reference": "e927ae0a3001655fea97eb240eeea9d10638e82f",
                "shasum": ""
            },
            "require": {
                "php": "^7.4 || ~8.0.0 || ~8.1.0"
            },
            "conflict": {
                "laminas/laminas-servicemanager": "<3.0",
                "zendframework/zend-permissions-acl": "*"
            },
            "require-dev": {
                "laminas/laminas-coding-standard": "~2.3.0",
                "laminas/laminas-servicemanager": "^3.15.1",
                "phpunit/phpunit": "^9.5.0",
                "psalm/plugin-phpunit": "^0.17.0",
                "vimeo/psalm": "^4.24.0"
            },
            "suggest": {
                "laminas/laminas-servicemanager": "To support Laminas\\Permissions\\Acl\\Assertion\\AssertionManager plugin manager usage"
            },
            "type": "library",
            "autoload": {
                "psr-4": {
                    "Laminas\\Permissions\\Acl\\": "src/"
                }
            },
            "notification-url": "https://packagist.org/downloads/",
            "license": [
                "BSD-3-Clause"
            ],
            "description": "Provides a lightweight and flexible access control list (ACL) implementation for privileges management",
            "homepage": "https://laminas.dev",
            "keywords": [
                "acl",
                "laminas"
            ],
            "support": {
                "chat": "https://laminas.dev/chat",
                "docs": "https://docs.laminas.dev/laminas-permissions-acl/",
                "forum": "https://discourse.laminas.dev",
                "issues": "https://github.com/laminas/laminas-permissions-acl/issues",
                "rss": "https://github.com/laminas/laminas-permissions-acl/releases.atom",
                "source": "https://github.com/laminas/laminas-permissions-acl"
            },
            "funding": [
                {
                    "url": "https://funding.communitybridge.org/projects/laminas-project",
                    "type": "community_bridge"
                }
            ],
            "time": "2022-07-21T09:23:39+00:00"
        }
    ],
    "packages-dev": [],
    "aliases": [],
    "minimum-stability": "stable",
    "stability-flags": [],
    "prefer-stable": false,
    "prefer-lowest": false,
    "platform": [],
    "platform-dev": [],
    "plugin-api-version": "2.3.0"
}
